
Microsoft Visual Studio Solution File, Format Version 12.00
# Visual Studio 14
VisualStudioVersion = 14.0.25420.1
MinimumVisualStudioVersion = 10.0.40219.1
Project("{FAE04EC0-301F-11D3-BF4B-00C04F79EFBC}") = "EntityFramework.Guardian.Core", "EntityFramework.Guardian.Core\EntityFramework.Guardian.Core.csproj", "{44B106F0-DEB2-4121-8AF7-45B499B784F3}"
EndProject
Project("{2150E333-8FDC-42A3-9474-1A3956D46DE8}") = "Solution Items", "Solution Items", "{69FA2A27-E202-41F3-87B5-D1E7D78A1297}"
	ProjectSection(SolutionItems) = preProject
		.gitattributes = .gitattributes
		.gitignore = .gitignore
		LICENSE = LICENSE
		LICENSEHEADER.MD = LICENSEHEADER.MD
		README.md = README.md
	EndProjectSection
EndProject
Project("{FAE04EC0-301F-11D3-BF4B-00C04F79EFBC}") = "EntityFramework.Guardian.UnitTests", "EntityFramework.Guardian.UnitTests\EntityFramework.Guardian.UnitTests.csproj", "{427CC346-F686-4F69-9BDF-F4B3F2FABC73}"
EndProject
Project("{FAE04EC0-301F-11D3-BF4B-00C04F79EFBC}") = "EntityFramework.Guardian.IntegrationTests", "EntityFramework.Guardian.IntegrationTests\EntityFramework.Guardian.IntegrationTests.csproj", "{11FEE887-94AB-4DBE-8E2E-3FC6C354C7C1}"
EndProject
Project("{FAE04EC0-301F-11D3-BF4B-00C04F79EFBC}") = "EntityFramework.Guardian.Entities", "EntityFramework.Guardian.Entities\EntityFramework.Guardian.Entities.csproj", "{47D3D9D0-00A4-48E0-B3E6-526C28D0F5D6}"
EndProject
Project("{FAE04EC0-301F-11D3-BF4B-00C04F79EFBC}") = "EntityFramework.Guardian.Tests.Models", "EntityFramework.Guardian.Tests.Models\EntityFramework.Guardian.Tests.Models.csproj", "{32CA2733-7B64-494A-AEF4-B0F9587C5130}"
EndProject
Global
	GlobalSection(SolutionConfigurationPlatforms) = preSolution
		Debug|Any CPU = Debug|Any CPU
		Release|Any CPU = Release|Any CPU
	EndGlobalSection
	GlobalSection(ProjectConfigurationPlatforms) = postSolution
		{44B106F0-DEB2-4121-8AF7-45B499B784F3}.Debug|Any CPU.ActiveCfg = Debug|Any CPU
		{44B106F0-DEB2-4121-8AF7-45B499B784F3}.Debug|Any CPU.Build.0 = Debug|Any CPU
		{44B106F0-DEB2-4121-8AF7-45B499B784F3}.Release|Any CPU.ActiveCfg = Release|Any CPU
		{44B106F0-DEB2-4121-8AF7-45B499B784F3}.Release|Any CPU.Build.0 = Release|Any CPU
		{427CC346-F686-4F69-9BDF-F4B3F2FABC73}.Debug|Any CPU.ActiveCfg = Debug|Any CPU
		{427CC346-F686-4F69-9BDF-F4B3F2FABC73}.Debug|Any CPU.Build.0 = Debug|Any CPU
		{427CC346-F686-4F69-9BDF-F4B3F2FABC73}.Release|Any CPU.ActiveCfg = Release|Any CPU
		{427CC346-F686-4F69-9BDF-F4B3F2FABC73}.Release|Any CPU.Build.0 = Release|Any CPU
		{11FEE887-94AB-4DBE-8E2E-3FC6C354C7C1}.Debug|Any CPU.ActiveCfg = Debug|Any CPU
		{11FEE887-94AB-4DBE-8E2E-3FC6C354C7C1}.Debug|Any CPU.Build.0 = Debug|Any CPU
		{11FEE887-94AB-4DBE-8E2E-3FC6C354C7C1}.Release|Any CPU.ActiveCfg = Release|Any CPU
		{11FEE887-94AB-4DBE-8E2E-3FC6C354C7C1}.Release|Any CPU.Build.0 = Release|Any CPU
		{47D3D9D0-00A4-48E0-B3E6-526C28D0F5D6}.Debug|Any CPU.ActiveCfg = Debug|Any CPU
		{47D3D9D0-00A4-48E0-B3E6-526C28D0F5D6}.Debug|Any CPU.Build.0 = Debug|Any CPU
		{47D3D9D0-00A4-48E0-B3E6-526C28D0F5D6}.Release|Any CPU.ActiveCfg = Release|Any CPU
		{47D3D9D0-00A4-48E0-B3E6-526C28D0F5D6}.Release|Any CPU.Build.0 = Release|Any CPU
		{32CA2733-7B64-494A-AEF4-B0F9587C5130}.Debug|Any CPU.ActiveCfg = Debug|Any CPU
		{32CA2733-7B64-494A-AEF4-B0F9587C5130}.Debug|Any CPU.Build.0 = Debug|Any CPU
		{32CA2733-7B64-494A-AEF4-B0F9587C5130}.Release|Any CPU.ActiveCfg = Release|Any CPU
		{32CA2733-7B64-494A-AEF4-B0F9587C5130}.Release|Any CPU.Build.0 = Release|Any CPU
	EndGlobalSection
	GlobalSection(SolutionProperties) = preSolution
		HideSolutionNode = FALSE
	EndGlobalSection
EndGlobal
